
Microsoft Visual Studio Solution File, Format Version 12.00
# Visual Studio Version 16
VisualStudioVersion = 16.0.29209.62
MinimumVisualStudioVersion = 10.0.40219.1
Project("{FAE04EC0-301F-11D3-BF4B-00C04F79EFBC}") = "XamarinExample.Android", "XamarinExample.Android\XamarinExample.Android.csproj", "{9C29F2D3-484A-412A-B9F7-145E81DAEADD}"
EndProject
Project("{FAE04EC0-301F-11D3-BF4B-00C04F79EFBC}") = "XamarinExample", "XamarinExample\XamarinExample.csproj", "{B73A7DDC-41B1-4CF2-8B47-F157E51FC024}"
EndProject
Global
	GlobalSection(SolutionConfigurationPlatforms) = preSolution
		Debug|Any CPU = Debug|Any CPU
		Debug|ARM = Debug|ARM
		Debug|iPhone = Debug|iPhone
		Debug|iPhoneSimulator = Debug|iPhoneSimulator
		Debug|x64 = Debug|x64
		Debug|x86 = Debug|x86
		Release|Any CPU = Release|Any CPU
		Release|ARM = Release|ARM
		Release|iPhone = Release|iPhone
		Release|iPhoneSimulator = Release|iPhoneSimulator
		Release|x64 = Release|x64
		Release|x86 = Release|x86
	EndGlobalSection
	GlobalSection(ProjectConfigurationPlatforms) = postSolution
		{9C29F2D3-484A-412A-B9F7-145E81DAEADD}.Debug|Any CPU.ActiveCfg = Debug|Any CPU
		{9C29F2D3-484A-412A-B9F7-145E81DAEADD}.Debug|Any CPU.Build.0 = Debug|Any CPU
		{9C29F2D3-484A-412A-B9F7-145E81DAEADD}.Debug|Any CPU.Deploy.0 = Debug|Any CPU
		{9C29F2D3-484A-412A-B9F7-145E81DAEADD}.Debug|ARM.ActiveCfg = Debug|Any CPU
		{9C29F2D3-484A-412A-B9F7-145E81DAEADD}.Debug|ARM.Build.0 = Debug|Any CPU
		{9C29F2D3-484A-412A-B9F7-145E81DAEADD}.Debug|ARM.Deploy.0 = Debug|Any CPU
		{9C29F2D3-484A-412A-B9F7-145E81DAEADD}.Debug|iPhone.ActiveCfg = Debug|Any CPU
		{9C29F2D3-484A-412A-B9F7-145E81DAEADD}.Debug|iPhone.Build.0 = Debug|Any CPU
		{9C29F2D3-484A-412A-B9F7-145E81DAEADD}.Debug|iPhone.Deploy.0 = Debug|Any CPU
		{9C29F2D3-484A-412A-B9F7-145E81DAEADD}.Debug|iPhoneSimulator.ActiveCfg = Debug|Any CPU
		{9C29F2D3-484A-412A-B9F7-145E81DAEADD}.Debug|iPhoneSimulator.Build.0 = Debug|Any CPU
		{9C29F2D3-484A-412A-B9F7-145E81DAEADD}.Debug|iPhoneSimulator.Deploy.0 = Debug|Any CPU
		{9C29F2D3-484A-412A-B9F7-145E81DAEADD}.Debug|x64.ActiveCfg = Debug|Any CPU
		{9C29F2D3-484A-412A-B9F7-145E81DAEADD}.Debug|x64.Build.0 = Debug|Any CPU
		{9C29F2D3-484A-412A-B9F7-145E81DAEADD}.Debug|x64.Deploy.0 = Debug|Any CPU
		{9C29F2D3-484A-412A-B9F7-145E81DAEADD}.Debug|x86.ActiveCfg = Debug|Any CPU
		{9C29F2D3-484A-412A-B9F7-145E81DAEADD}.Debug|x86.Build.0 = Debug|Any CPU
		{9C29F2D3-484A-412A-B9F7-145E81DAEADD}.Debug|x86.Deploy.0 = Debug|Any CPU
		{9C29F2D3-484A-412A-B9F7-145E81DAEADD}.Release|Any CPU.ActiveCfg = Release|Any CPU
		{9C29F2D3-484A-412A-B9F7-145E81DAEADD}.Release|Any CPU.Build.0 = Release|Any CPU
		{9C29F2D3-484A-412A-B9F7-145E81DAEADD}.Release|Any CPU.Deploy.0 = Release|Any CPU
		{9C29F2D3-484A-412A-B9F7-145E81DAEADD}.Release|ARM.ActiveCfg = Release|Any CPU
		{9C29F2D3-484A-412A-B9F7-145E81DAEADD}.Release|ARM.Build.0 = Release|Any CPU
		{9C29F2D3-484A-412A-B9F7-145E81DAEADD}.Release|ARM.Deploy.0 = Release|Any CPU
		{9C29F2D3-484A-412A-B9F7-145E81DAEADD}.Release|iPhone.ActiveCfg = Release|Any CPU
		{9C29F2D3-484A-412A-B9F7-145E81DAEADD}.Release|iPhone.Build.0 = Release|Any CPU
		{9C29F2D3-484A-412A-B9F7-145E81DAEADD}.Release|iPhone.Deploy.0 = Release|Any CPU
		{9C29F2D3-484A-412A-B9F7-145E81DAEADD}.Release|iPhoneSimulator.ActiveCfg = Release|Any CPU
		{9C29F2D3-484A-412A-B9F7-145E81DAEADD}.Release|iPhoneSimulator.Build.0 = Release|Any CPU
		{9C29F2D3-484A-412A-B9F7-145E81DAEADD}.Release|iPhoneSimulator.Deploy.0 = Release|Any CPU
		{9C29F2D3-484A-412A-B9F7-145E81DAEADD}.Release|x64.ActiveCfg = Release|Any CPU
		{9C29F2D3-484A-412A-B9F7-145E81DAEADD}.Release|x64.Build.0 = Release|Any CPU
		{9C29F2D3-484A-412A-B9F7-145E81DAEADD}.Release|x64.Deploy.0 = Release|Any CPU
		{9C29F2D3-484A-412A-B9F7-145E81DAEADD}.Release|x86.ActiveCfg = Release|Any CPU
		{9C29F2D3-484A-412A-B9F7-145E81DAEADD}.Release|x86.Build.0 = Release|Any CPU
		{9C29F2D3-484A-412A-B9F7-145E81DAEADD}.Release|x86.Deploy.0 = Release|Any CPU
		{B73A7DDC-41B1-4CF2-8B47-F157E51FC024}.Debug|Any CPU.ActiveCfg = Debug|Any CPU
		{B73A7DDC-41B1-4CF2-8B47-F157E51FC024}.Debug|Any CPU.Build.0 = Debug|Any CPU
		{B73A7DDC-41B1-4CF2-8B47-F157E51FC024}.Debug|Any CPU.Deploy.0 = Debug|Any CPU
		{B73A7DDC-41B1-4CF2-8B47-F157E51FC024}.Debug|ARM.ActiveCfg = Debug|Any CPU
		{B73A7DDC-41B1-4CF2-8B47-F157E51FC024}.Debug|ARM.Build.0 = Debug|Any CPU
		{B73A7DDC-41B1-4CF2-8B47-F157E51FC024}.Debug|ARM.Deploy.0 = Debug|Any CPU
		{B73A7DDC-41B1-4CF2-8B47-F157E51FC024}.Debug|iPhone.ActiveCfg = Debug|Any CPU
		{B73A7DDC-41B1-4CF2-8B47-F157E51FC024}.Debug|iPhone.Build.0 = Debug|Any CPU
		{B73A7DDC-41B1-4CF2-8B47-F157E51FC024}.Debug|iPhone.Deploy.0 = Debug|Any CPU
		{B73A7DDC-41B1-4CF2-8B47-F157E51FC024}.Debug|iPhoneSimulator.ActiveCfg = Debug|Any CPU
		{B73A7DDC-41B1-4CF2-8B47-F157E51FC024}.Debug|iPhoneSimulator.Build.0 = Debug|Any CPU
		{B73A7DDC-41B1-4CF2-8B47-F157E51FC024}.Debug|iPhoneSimulator.Deploy.0 = Debug|Any CPU
		{B73A7DDC-41B1-4CF2-8B47-F157E51FC024}.Debug|x64.ActiveCfg = Debug|Any CPU
		{B73A7DDC-41B1-4CF2-8B47-F157E51FC024}.Debug|x64.Build.0 = Debug|Any CPU
		{B73A7DDC-41B1-4CF2-8B47-F157E51FC024}.Debug|x64.Deploy.0 = Debug|Any CPU
		{B73A7DDC-41B1-4CF2-8B47-F157E51FC024}.Debug|x86.ActiveCfg = Debug|Any CPU
		{B73A7DDC-41B1-4CF2-8B47-F157E51FC024}.Debug|x86.Build.0 = Debug|Any CPU
		{B73A7DDC-41B1-4CF2-8B47-F157E51FC024}.Debug|x86.Deploy.0 = Debug|Any CPU
		{B73A7DDC-41B1-4CF2-8B47-F157E51FC024}.Release|Any CPU.ActiveCfg = Release|Any CPU
		{B73A7DDC-41B1-4CF2-8B47-F157E51FC024}.Release|Any CPU.Build.0 = Release|Any CPU
		{B73A7DDC-41B1-4CF2-8B47-F157E51FC024}.Release|Any CPU.Deploy.0 = Release|Any CPU
		{B73A7DDC-41B1-4CF2-8B47-F157E51FC024}.Release|ARM.ActiveCfg = Release|Any CPU
		{B73A7DDC-41B1-4CF2-8B47-F157E51FC024}.Release|ARM.Build.0 = Release|Any CPU
		{B73A7DDC-41B1-4CF2-8B47-F157E51FC024}.Release|ARM.Deploy.0 = Release|Any CPU
		{B73A7DDC-41B1-4CF2-8B47-F157E51FC024}.Release|iPhone.ActiveCfg = Release|Any CPU
		{B73A7DDC-41B1-4CF2-8B47-F157E51FC024}.Release|iPhone.Build.0 = Release|Any CPU
		{B73A7DDC-41B1-4CF2-8B47-F157E51FC024}.Release|iPhone.Deploy.0 = Release|Any CPU
		{B73A7DDC-41B1-4CF2-8B47-F157E51FC024}.Release|iPhoneSimulator.ActiveCfg = Release|Any CPU
		{B73A7DDC-41B1-4CF2-8B47-F157E51FC024}.Release|iPhoneSimulator.Build.0 = Release|Any CPU
		{B73A7DDC-41B1-4CF2-8B47-F157E51FC024}.Release|iPhoneSimulator.Deploy.0 = Release|Any CPU
		{B73A7DDC-41B1-4CF2-8B47-F157E51FC024}.Release|x64.ActiveCfg = Release|Any CPU
		{B73A7DDC-41B1-4CF2-8B47-F157E51FC024}.Release|x64.Build.0 = Release|Any CPU
		{B73A7DDC-41B1-4CF2-8B47-F157E51FC024}.Release|x64.Deploy.0 = Release|Any CPU
		{B73A7DDC-41B1-4CF2-8B47-F157E51FC024}.Release|x86.ActiveCfg = Release|Any CPU
		{B73A7DDC-41B1-4CF2-8B47-F157E51FC024}.Release|x86.Build.0 = Release|Any CPU
		{B73A7DDC-41B1-4CF2-8B47-F157E51FC024}.Release|x86.Deploy.0 = Release|Any CPU
	EndGlobalSection
	GlobalSection(SolutionProperties) = preSolution
		HideSolutionNode = FALSE
	EndGlobalSection
	GlobalSection(ExtensibilityGlobals) = postSolution
		SolutionGuid = {EC95F47B-DE84-4ED5-B594-74E7EB7851D5}
	EndGlobalSection
EndGlobal
